
Microsoft Visual Studio Solution File, Format Version 12.00
# Visual Studio Version 17
VisualStudioVersion = 17.5.002.0
MinimumVisualStudioVersion = 10.0.40219.1
Project("{9A19103F-16F7-4668-BE54-9A1E7A4F7556}") = "ClientListApi", "ClientListApi.csproj", "{9D50D46C-4832-4907-B32B-FF58009766BD}"
EndProject
Global
	GlobalSection(SolutionConfigurationPlatforms) = preSolution
		Debug|Any CPU = Debug|Any CPU
		Release|Any CPU = Release|Any CPU
	EndGlobalSection
	GlobalSection(ProjectConfigurationPlatforms) = postSolution
		{9D50D46C-4832-4907-B32B-FF58009766BD}.Debug|Any CPU.ActiveCfg = Debug|Any CPU
		{9D50D46C-4832-4907-B32B-FF58009766BD}.Debug|Any CPU.Build.0 = Debug|Any CPU
		{9D50D46C-4832-4907-B32B-FF58009766BD}.Release|Any CPU.ActiveCfg = Release|Any CPU
		{9D50D46C-4832-4907-B32B-FF58009766BD}.Release|Any CPU.Build.0 = Release|Any CPU
	EndGlobalSection
	GlobalSection(SolutionProperties) = preSolution
		HideSolutionNode = FALSE
	EndGlobalSection
	GlobalSection(ExtensibilityGlobals) = postSolution
		SolutionGuid = {FB0A6218-CB52-4E1A-BE0A-590EBB18214E}
	EndGlobalSection
EndGlobal
